// !$*UTF8*$!
{
	archiveVersion = 1;
	classes = {
	};
	objectVersion = 50;
	objects = {

/* Begin PBXBuildFile section */
		113478FD2BF4BC2F00A4E281 /* AppDelegate.swift in Sources */ = {isa = PBXBuildFile; fileRef = 113478FC2BF4BC2F00A4E281 /* AppDelegate.swift */; };
		113478FF2BF4BC2F00A4E281 /* SceneDelegate.swift in Sources */ = {isa = PBXBuildFile; fileRef = 113478FE2BF4BC2F00A4E281 /* SceneDelegate.swift */; };
		113479012BF4BC2F00A4E281 /* ContentView.swift in Sources */ = {isa = PBXBuildFile; fileRef = 113479002BF4BC2F00A4E281 /* ContentView.swift */; };
		113479032BF4BC3200A4E281 /* Assets.xcassets in Resources */ = {isa = PBXBuildFile; fileRef = 113479022BF4BC3200A4E281 /* Assets.xcassets */; };
		113479062BF4BC3200A4E281 /* Preview Assets.xcassets in Resources */ = {isa = PBXBuildFile; fileRef = 113479052BF4BC3200A4E281 /* Preview Assets.xcassets */; };
		113479092BF4BC3200A4E281 /* LaunchScreen.storyboard in Resources */ = {isa = PBXBuildFile; fileRef = 113479072BF4BC3200A4E281 /* LaunchScreen.storyboard */; };
		113479182BF4C40600A4E281 /* Pacifico-Regular.ttf in Resources */ = {isa = PBXBuildFile; fileRef = 113479162BF4C06600A4E281 /* Pacifico-Regular.ttf */; };
		113479222BF527B700A4E281 /* InfoView.swift in Sources */ = {isa = PBXBuildFile; fileRef = 113479212BF527B700A4E281 /* InfoView.swift */; };
/* End PBXBuildFile section */

/* Begin PBXFileReference section */
		113478F92BF4BC2F00A4E281 /* MohammedCard.app */ = {isa = PBXFileReference; explicitFileType = wrapper.application; includeInIndex = 0; path = MohammedCard.app; sourceTree = BUILT_PRODUCTS_DIR; };
		113478FC2BF4BC2F00A4E281 /* AppDelegate.swift */ = {isa = PBXFileReference; lastKnownFileType = sourcecode.swift; path = AppDelegate.swift; sourceTree = "<group>"; };
		113478FE2BF4BC2F00A4E281 /* SceneDelegate.swift */ = {isa = PBXFileReference; lastKnownFileType = sourcecode.swift; path = SceneDelegate.swift; sourceTree = "<group>"; };
		113479002BF4BC2F00A4E281 /* ContentView.swift */ = {isa = PBXFileReference; lastKnownFileType = sourcecode.swift; path = ContentView.swift; sourceTree = "<group>"; };
		113479022BF4BC3200A4E281 /* Assets.xcassets */ = {isa = PBXFileReference; lastKnownFileType = folder.assetcatalog; path = Assets.xcassets; sourceTree = "<group>"; };
		113479052BF4BC3200A4E281 /* Preview Assets.xcassets */ = {isa = PBXFileReference; lastKnownFileType = folder.assetcatalog; path = "Preview Assets.xcassets"; sourceTree = "<group>"; };
		113479082BF4BC3200A4E281 /* Base */ = {isa = PBXFileReference; lastKnownFileType = file.storyboard; name = Base; path = Base.lproj/LaunchScreen.storyboard; sourceTree = "<group>"; };
		1134790A2BF4BC3200A4E281 /* Info.plist */ = {isa = PBXFileReference; lastKnownFileType = text.plist.xml; path = Info.plist; sourceTree = "<group>"; };
		113479162BF4C06600A4E281 /* Pacifico-Regular.ttf */ = {isa = PBXFileReference; lastKnownFileType = file; path = "Pacifico-Regular.ttf"; sourceTree = "<group>"; };
		113479212BF527B700A4E281 /* InfoView.swift */ = {isa = PBXFileReference; lastKnownFileType = sourcecode.swift; path = InfoView.swift; sourceTree = "<group>"; };
/* End PBXFileReference section */

/* Begin PBXFrameworksBuildPhase section */
		113478F62BF4BC2F00A4E281 /* Frameworks */ = {
			isa = PBXFrameworksBuildPhase;
			buildActionMask = 2147483647;
			files = (
			);
			runOnlyForDeploymentPostprocessing = 0;
		};
/* End PBXFrameworksBuildPhase section */

/* Begin PBXGroup section */
		113478F02BF4BC2F00A4E281 = {
			isa = PBXGroup;
			children = (
				113478FB2BF4BC2F00A4E281 /* MohammedCard */,
				113478FA2BF4BC2F00A4E281 /* Products */,
			);
			sourceTree = "<group>";
		};
		113478FA2BF4BC2F00A4E281 /* Products */ = {
			isa = PBXGroup;
			children = (
				113478F92BF4BC2F00A4E281 /* MohammedCard.app */,
			);
			name = Products;
			sourceTree = "<group>";
		};
		113478FB2BF4BC2F00A4E281 /* MohammedCard */ = {
			isa = PBXGroup;
			children = (
				113479112BF4C03500A4E281 /* fonts */,
				113478FC2BF4BC2F00A4E281 /* AppDelegate.swift */,
				113478FE2BF4BC2F00A4E281 /* SceneDelegate.swift */,
				113479002BF4BC2F00A4E281 /* ContentView.swift */,
				113479212BF527B700A4E281 /* InfoView.swift */,
				113479022BF4BC3200A4E281 /* Assets.xcassets */,
				113479072BF4BC3200A4E281 /* LaunchScreen.storyboard */,
				1134790A2BF4BC3200A4E281 /* Info.plist */,
				113479042BF4BC3200A4E281 /* Preview Content */,
			);
			path = MohammedCard;
			sourceTree = "<group>";
		};
		113479042BF4BC3200A4E281 /* Preview Content */ = {
			isa = PBXGroup;
			children = (
				113479052BF4BC3200A4E281 /* Preview Assets.xcassets */,
			);
			path = "Preview Content";
			sourceTree = "<group>";
		};
		113479112BF4C03500A4E281 /* fonts */ = {
			isa = PBXGroup;
			children = (
				113479162BF4C06600A4E281 /* Pacifico-Regular.ttf */,
			);
			path = fonts;
			sourceTree = "<group>";
		};
/* End PBXGroup section */

/* Begin PBXNativeTarget section */
		113478F82BF4BC2F00A4E281 /* MohammedCard */ = {
			isa = PBXNativeTarget;
			buildConfigurationList = 1134790D2BF4BC3200A4E281 /* Build configuration list for PBXNativeTarget "MohammedCard" */;
			buildPhases = (
				113478F52BF4BC2F00A4E281 /* Sources */,
				113478F62BF4BC2F00A4E281 /* Frameworks */,
				113478F72BF4BC2F00A4E281 /* Resources */,
			);
			buildRules = (
			);
			dependencies = (
			);
			name = MohammedCard;
			productName = MohammedCard;
			productReference = 113478F92BF4BC2F00A4E281 /* MohammedCard.app */;
			productType = "com.apple.product-type.application";
		};
/* End PBXNativeTarget section */

/* Begin PBXProject section */
		113478F12BF4BC2F00A4E281 /* Project object */ = {
			isa = PBXProject;
			attributes = {
				LastSwiftUpdateCheck = 1240;
				LastUpgradeCheck = 1240;
				TargetAttributes = {
					113478F82BF4BC2F00A4E281 = {
						CreatedOnToolsVersion = 12.4;
					};
				};
			};
			buildConfigurationList = 113478F42BF4BC2F00A4E281 /* Build configuration list for PBXProject "MohammedCard" */;
			compatibilityVersion = "Xcode 9.3";
			developmentRegion = en;
			hasScannedForEncodings = 0;
			knownRegions = (
				en,
				Base,
			);
			mainGroup = 113478F02BF4BC2F00A4E281;
			productRefGroup = 113478FA2BF4BC2F00A4E281 /* Products */;
			projectDirPath = "";
			projectRoot = "";
			targets = (
				113478F82BF4BC2F00A4E281 /* MohammedCard */,
			);
		};
/* End PBXProject section */

/* Begin PBXResourcesBuildPhase section */
		113478F72BF4BC2F00A4E281 /* Resources */ = {
			isa = PBXResourcesBuildPhase;
			buildActionMask = 2147483647;
			files = (
				113479092BF4BC3200A4E281 /* LaunchScreen.storyboard in Resources */,
				113479182BF4C40600A4E281 /* Pacifico-Regular.ttf in Resources */,
				113479062BF4BC3200A4E281 /* Preview Assets.xcassets in Resources */,
				113479032BF4BC3200A4E281 /* Assets.xcassets in Resources */,
			);
			runOnlyForDeploymentPostprocessing = 0;
		};
/* End PBXResourcesBuildPhase section */

/* Begin PBXSourcesBuildPhase section */
		113478F52BF4BC2F00A4E281 /* Sources */ = {
			isa = PBXSourcesBuildPhase;
			buildActionMask = 2147483647;
			files = (
				113479222BF527B700A4E281 /* InfoView.swift in Sources */,
				113478FD2BF4BC2F00A4E281 /* AppDelegate.swift in Sources */,
				113478FF2BF4BC2F00A4E281 /* SceneDelegate.swift in Sources */,
				113479012BF4BC2F00A4E281 /* ContentView.swift in Sources */,
			);
			runOnlyForDeploymentPostprocessing = 0;
		};
/* End PBXSourcesBuildPhase section */

/* Begin PBXVariantGroup section */
		113479072BF4BC3200A4E281 /* LaunchScreen.storyboard */ = {
			isa = PBXVariantGroup;
			children = (
				113479082BF4BC3200A4E281 /* Base */,
			);
			name = LaunchScreen.storyboard;
			sourceTree = "<group>";
		};
/* End PBXVariantGroup section */

/* Begin XCBuildConfiguration section */
		1134790B2BF4BC3200A4E281 /* Debug */ = {
			isa = XCBuildConfiguration;
			buildSettings = {
				ALWAYS_SEARCH_USER_PATHS = NO;
				CLANG_ANALYZER_NONNULL = YES;
				CLANG_ANALYZER_NUMBER_OBJECT_CONVERSION = YES_AGGRESSIVE;
				CLANG_CXX_LANGUAGE_STANDARD = "gnu++14";
				CLANG_CXX_LIBRARY = "libc++";
				CLANG_ENABLE_MODULES = YES;
				CLANG_ENABLE_OBJC_ARC = YES;
				CLANG_ENABLE_OBJC_WEAK = YES;
				CLANG_WARN_BLOCK_CAPTURE_AUTORELEASING = YES;
				CLANG_WARN_BOOL_CONVERSION = YES;
				CLANG_WARN_COMMA = YES;
				CLANG_WARN_CONSTANT_CONVERSION = YES;
				CLANG_WARN_DEPRECATED_OBJC_IMPLEMENTATIONS = YES;
				CLANG_WARN_DIRECT_OBJC_ISA_USAGE = YES_ERROR;
				CLANG_WARN_DOCUMENTATION_COMMENTS = YES;
				CLANG_WARN_EMPTY_BODY = YES;
				CLANG_WARN_ENUM_CONVERSION = YES;
				CLANG_WARN_INFINITE_RECURSION = YES;
				CLANG_WARN_INT_CONVERSION = YES;
				CLANG_WARN_NON_LITERAL_NULL_CONVERSION = YES;
				CLANG_WARN_OBJC_IMPLICIT_RETAIN_SELF = YES;
				CLANG_WARN_OBJC_LITERAL_CONVERSION = YES;
				CLANG_WARN_OBJC_ROOT_CLASS = YES_ERROR;
				CLANG_WARN_QUOTED_INCLUDE_IN_FRAMEWORK_HEADER = YES;
				CLANG_WARN_RANGE_LOOP_ANALYSIS = YES;
				CLANG_WARN_STRICT_PROTOTYPES = YES;
				CLANG_WARN_SUSPICIOUS_MOVE = YES;
				CLANG_WARN_UNGUARDED_AVAILABILITY = YES_AGGRESSIVE;
				CLANG_WARN_UNREACHABLE_CODE = YES;
				CLANG_WARN__DUPLICATE_METHOD_MATCH = YES;
				COPY_PHASE_STRIP = NO;
				DEBUG_INFORMATION_FORMAT = dwarf;
				ENABLE_STRICT_OBJC_MSGSEND = YES;
				ENABLE_TESTABILITY = YES;
				GCC_C_LANGUAGE_STANDARD = gnu11;
				GCC_DYNAMIC_NO_PIC = NO;
				GCC_NO_COMMON_BLOCKS = YES;
				GCC_OPTIMIZATION_LEVEL = 0;
				GCC_PREPROCESSOR_DEFINITIONS = (
					"DEBUG=1",
					"$(inherited)",
				);
				GCC_WARN_64_TO_32_BIT_CONVERSION = YES;
				GCC_WARN_ABOUT_RETURN_TYPE = YES_ERROR;
				GCC_WARN_UNDECLARED_SELECTOR = YES;
				GCC_WARN_UNINITIALIZED_AUTOS = YES_AGGRESSIVE;
				GCC_WARN_UNUSED_FUNCTION = YES;
				GCC_WARN_UNUSED_VARIABLE = YES;
				IPHONEOS_DEPLOYMENT_TARGET = 14.4;
				MTL_ENABLE_DEBUG_INFO = INCLUDE_SOURCE;
				MTL_FAST_MATH = YES;
				ONLY_ACTIVE_ARCH = YES;
				SDKROOT = iphoneos;
				SWIFT_ACTIVE_COMPILATION_CONDITIONS = DEBUG;
				SWIFT_OPTIMIZATION_LEVEL = "-Onone";
			};
			name = Debug;
		};
		1134790C2BF4BC3200A4E281 /* Release */ = {
			isa = XCBuildConfiguration;
			buildSettings = {
				ALWAYS_SEARCH_USER_PATHS = NO;
				CLANG_ANALYZER_NONNULL = YES;
				CLANG_ANALYZER_NUMBER_OBJECT_CONVERSION = YES_AGGRESSIVE;
				CLANG_CXX_LANGUAGE_STANDARD = "gnu++14";
				CLANG_CXX_LIBRARY = "libc++";
				CLANG_ENABLE_MODULES = YES;
				CLANG_ENABLE_OBJC_ARC = YES;
				CLANG_ENABLE_OBJC_WEAK = YES;
				CLANG_WARN_BLOCK_CAPTURE_AUTORELEASING = YES;
				CLANG_WARN_BOOL_CONVERSION = YES;
				CLANG_WARN_COMMA = YES;
				CLANG_WARN_CONSTANT_CONVERSION = YES;
				CLANG_WARN_DEPRECATED_OBJC_IMPLEMENTATIONS = YES;
				CLANG_WARN_DIRECT_OBJC_ISA_USAGE = YES_ERROR;
				CLANG_WARN_DOCUMENTATION_COMMENTS = YES;
				CLANG_WARN_EMPTY_BODY = YES;
				CLANG_WARN_ENUM_CONVERSION = YES;
				CLANG_WARN_INFINITE_RECURSION = YES;
				CLANG_WARN_INT_CONVERSION = YES;
				CLANG_WARN_NON_LITERAL_NULL_CONVERSION = YES;
				CLANG_WARN_OBJC_IMPLICIT_RETAIN_SELF = YES;
				CLANG_WARN_OBJC_LITERAL_CONVERSION = YES;
				CLANG_WARN_OBJC_ROOT_CLASS = YES_ERROR;
				CLANG_WARN_QUOTED_INCLUDE_IN_FRAMEWORK_HEADER = YES;
				CLANG_WARN_RANGE_LOOP_ANALYSIS = YES;
				CLANG_WARN_STRICT_PROTOTYPES = YES;
				CLANG_WARN_SUSPICIOUS_MOVE = YES;
				CLANG_WARN_UNGUARDED_AVAILABILITY = YES_AGGRESSIVE;
				CLANG_WARN_UNREACHABLE_CODE = YES;
				CLANG_WARN__DUPLICATE_METHOD_MATCH = YES;
				COPY_PHASE_STRIP = NO;
				DEBUG_INFORMATION_FORMAT = "dwarf-with-dsym";
				ENABLE_NS_ASSERTIONS = NO;
				ENABLE_STRICT_OBJC_MSGSEND = YES;
				GCC_C_LANGUAGE_STANDARD = gnu11;
				GCC_NO_COMMON_BLOCKS = YES;
				GCC_WARN_64_TO_32_BIT_CONVERSION = YES;
				GCC_WARN_ABOUT_RETURN_TYPE = YES_ERROR;
				GCC_WARN_UNDECLARED_SELECTOR = YES;
				GCC_WARN_UNINITIALIZED_AUTOS = YES_AGGRESSIVE;
				GCC_WARN_UNUSED_FUNCTION = YES;
				GCC_WARN_UNUSED_VARIABLE = YES;
				IPHONEOS_DEPLOYMENT_TARGET = 14.4;
				MTL_ENABLE_DEBUG_INFO = NO;
				MTL_FAST_MATH = YES;
				SDKROOT = iphoneos;
				SWIFT_COMPILATION_MODE = wholemodule;
				SWIFT_OPTIMIZATION_LEVEL = "-O";
				VALIDATE_PRODUCT = YES;
			};
			name = Release;
		};
		1134790E2BF4BC3200A4E281 /* Debug */ = {
			isa = XCBuildConfiguration;
			buildSettings = {
				ASSETCATALOG_COMPILER_APPICON_NAME = AppIcon;
				ASSETCATALOG_COMPILER_GLOBAL_ACCENT_COLOR_NAME = AccentColor;
				CODE_SIGN_STYLE = Automatic;
				DEVELOPMENT_ASSET_PATHS = "\"MohammedCard/Preview Content\"";
				DEVELOPMENT_TEAM = N55MW8RU7L;
				ENABLE_PREVIEWS = YES;
				INFOPLIST_FILE = MohammedCard/Info.plist;
				LD_RUNPATH_SEARCH_PATHS = (
					"$(inherited)",
					"@executable_path/Frameworks",
				);
				PRODUCT_BUNDLE_IDENTIFIER = com.mohammad.MohammedCard;
				PRODUCT_NAME = "$(TARGET_NAME)";
				SWIFT_VERSION = 5.0;
				TARGETED_DEVICE_FAMILY = "1,2";
			};
			name = Debug;
		};
		1134790F2BF4BC3200A4E281 /* Release */ = {
			isa = XCBuildConfiguration;
			buildSettings = {
				ASSETCATALOG_COMPILER_APPICON_NAME = AppIcon;
				ASSETCATALOG_COMPILER_GLOBAL_ACCENT_COLOR_NAME = AccentColor;
				CODE_SIGN_STYLE = Automatic;
				DEVELOPMENT_ASSET_PATHS = "\"MohammedCard/Preview Content\"";
				DEVELOPMENT_TEAM = N55MW8RU7L;
				ENABLE_PREVIEWS = YES;
				INFOPLIST_FILE = MohammedCard/Info.plist;
				LD_RUNPATH_SEARCH_PATHS = (
					"$(inherited)",
					"@executable_path/Frameworks",
				);
				PRODUCT_BUNDLE_IDENTIFIER = com.mohammad.MohammedCard;
				PRODUCT_NAME = "$(TARGET_NAME)";
				SWIFT_VERSION = 5.0;
				TARGETED_DEVICE_FAMILY = "1,2";
			};
			name = Release;
		};
/* End XCBuildConfiguration section */

/* Begin XCConfigurationList section */
		113478F42BF4BC2F00A4E281 /* Build configuration list for PBXProject "MohammedCard" */ = {
			isa = XCConfigurationList;
			buildConfigurations = (
				1134790B2BF4BC3200A4E281 /* Debug */,
				1134790C2BF4BC3200A4E281 /* Release */,
			);
			defaultConfigurationIsVisible = 0;
			defaultConfigurationName = Release;
		};
		1134790D2BF4BC3200A4E281 /* Build configuration list for PBXNativeTarget "MohammedCard" */ = {
			isa = XCConfigurationList;
			buildConfigurations = (
				1134790E2BF4BC3200A4E281 /* Debug */,
				1134790F2BF4BC3200A4E281 /* Release */,
			);
			defaultConfigurationIsVisible = 0;
			defaultConfigurationName = Release;
		};
/* End XCConfigurationList section */
	};
	rootObject = 113478F12BF4BC2F00A4E281 /* Project object */;
}
